
Microsoft Visual Studio Solution File, Format Version 12.00
# Visual Studio Version 17
VisualStudioVersion = 17.7.34221.43
MinimumVisualStudioVersion = 10.0.40219.1
Project("{FAE04EC0-301F-11D3-BF4B-00C04F79EFBC}") = "STROYMELL", "STROYMELL\STROYMELL.csproj", "{660C397D-F0C3-4CCF-8FB0-D296CEB3DADE}"
EndProject
Global
	GlobalSection(SolutionConfigurationPlatforms) = preSolution
		Debug|Any CPU = Debug|Any CPU
		Release|Any CPU = Release|Any CPU
	EndGlobalSection
	GlobalSection(ProjectConfigurationPlatforms) = postSolution
		{660C397D-F0C3-4CCF-8FB0-D296CEB3DADE}.Debug|Any CPU.ActiveCfg = Debug|Any CPU
		{660C397D-F0C3-4CCF-8FB0-D296CEB3DADE}.Debug|Any CPU.Build.0 = Debug|Any CPU
		{660C397D-F0C3-4CCF-8FB0-D296CEB3DADE}.Release|Any CPU.ActiveCfg = Release|Any CPU
		{660C397D-F0C3-4CCF-8FB0-D296CEB3DADE}.Release|Any CPU.Build.0 = Release|Any CPU
	EndGlobalSection
	GlobalSection(SolutionProperties) = preSolution
		HideSolutionNode = FALSE
	EndGlobalSection
	GlobalSection(ExtensibilityGlobals) = postSolution
		SolutionGuid = {6C1C36DB-729F-4A10-829F-D69D7248ED4C}
	EndGlobalSection
EndGlobal
